
Microsoft Visual Studio Solution File, Format Version 12.00
# Visual Studio Version 17
VisualStudioVersion = 17.0.31903.59
MinimumVisualStudioVersion = 10.0.40219.1
Project("{FAE04EC0-301F-11D3-BF4B-00C04F79EFBC}") = "MyTestableAPI.Api", "MyTestableAPI.Api\MyTestableAPI.Api.csproj", "{8A0919FE-3584-40CE-B20E-E92D955AAAF5}"
EndProject
Project("{FAE04EC0-301F-11D3-BF4B-00C04F79EFBC}") = "MyTestableAPI.Tests", "MyTestableAPI.Tests\MyTestableAPI.Tests.csproj", "{A391FAA6-13B3-4BE6-A0B4-2B77913FAB1C}"
EndProject
Global
	GlobalSection(SolutionConfigurationPlatforms) = preSolution
		Debug|Any CPU = Debug|Any CPU
		Release|Any CPU = Release|Any CPU
	EndGlobalSection
	GlobalSection(SolutionProperties) = preSolution
		HideSolutionNode = FALSE
	EndGlobalSection
	GlobalSection(ProjectConfigurationPlatforms) = postSolution
		{8A0919FE-3584-40CE-B20E-E92D955AAAF5}.Debug|Any CPU.ActiveCfg = Debug|Any CPU
		{8A0919FE-3584-40CE-B20E-E92D955AAAF5}.Debug|Any CPU.Build.0 = Debug|Any CPU
		{8A0919FE-3584-40CE-B20E-E92D955AAAF5}.Release|Any CPU.ActiveCfg = Release|Any CPU
		{8A0919FE-3584-40CE-B20E-E92D955AAAF5}.Release|Any CPU.Build.0 = Release|Any CPU
		{A391FAA6-13B3-4BE6-A0B4-2B77913FAB1C}.Debug|Any CPU.ActiveCfg = Debug|Any CPU
		{A391FAA6-13B3-4BE6-A0B4-2B77913FAB1C}.Debug|Any CPU.Build.0 = Debug|Any CPU
		{A391FAA6-13B3-4BE6-A0B4-2B77913FAB1C}.Release|Any CPU.ActiveCfg = Release|Any CPU
		{A391FAA6-13B3-4BE6-A0B4-2B77913FAB1C}.Release|Any CPU.Build.0 = Release|Any CPU
	EndGlobalSection
EndGlobal
